
Microsoft Visual Studio Solution File, Format Version 12.00
# Visual Studio Version 16
VisualStudioVersion = 16.0.32630.194
MinimumVisualStudioVersion = 10.0.40219.1
Project("{FAE04EC0-301F-11D3-BF4B-00C04F79EFBC}") = "MoodAnalyzer", "MoodAnalyzer.csproj", "{FEDABFC6-7A65-47FD-B144-69C687E13D4F}"
EndProject
Global
	GlobalSection(SolutionConfigurationPlatforms) = preSolution
		Debug|Any CPU = Debug|Any CPU
		Release|Any CPU = Release|Any CPU
	EndGlobalSection
	GlobalSection(ProjectConfigurationPlatforms) = postSolution
		{FEDABFC6-7A65-47FD-B144-69C687E13D4F}.Debug|Any CPU.ActiveCfg = Debug|Any CPU
		{FEDABFC6-7A65-47FD-B144-69C687E13D4F}.Debug|Any CPU.Build.0 = Debug|Any CPU
		{FEDABFC6-7A65-47FD-B144-69C687E13D4F}.Release|Any CPU.ActiveCfg = Release|Any CPU
		{FEDABFC6-7A65-47FD-B144-69C687E13D4F}.Release|Any CPU.Build.0 = Release|Any CPU
	EndGlobalSection
	GlobalSection(SolutionProperties) = preSolution
		HideSolutionNode = FALSE
	EndGlobalSection
	GlobalSection(ExtensibilityGlobals) = postSolution
		SolutionGuid = {35317573-581B-4F66-A13A-3C4F06CBB148}
	EndGlobalSection
EndGlobal
